{
  "requires": true,
  "lockfileVersion": 1,
  "dependencies": {
    "unnamed-js": {
      "version": "1.1.1",
      "resolved": "https://registry.npmjs.org/unnamed-js/-/unnamed-js-1.1.1.tgz",
      "integrity": "sha512-DfaPAQGY6P3gRLw9zu9PFOzD+zWVqrqM8Q3av9JfJAqZQ5zgRWNg4SqF9qsENMWnxF+aaafdVTLGRRCJzi0bSg=="
    }
  }
}
